
Microsoft Visual Studio Solution File, Format Version 12.00
# Visual Studio Version 17
VisualStudioVersion = 17.2.32602.215
MinimumVisualStudioVersion = 10.0.40219.1
Project("{9A19103F-16F7-4668-BE54-9A1E7A4F7556}") = "DigiBugzy.ApplicationLayer", "DigiBugzy.Core\DigiBugzy.ApplicationLayer.csproj", "{76E1C52A-8B95-4F90-B89F-2D4675250A31}"
EndProject
Project("{9A19103F-16F7-4668-BE54-9A1E7A4F7556}") = "DigiBugzy.PersistanceLayer", "..\DigiBugzy.Data\DigiBugzy.PersistanceLayer.csproj", "{E78A93EF-5A9F-4AE7-B91E-3D105DDB04D7}"
EndProject
Project("{9A19103F-16F7-4668-BE54-9A1E7A4F7556}") = "DigiBugzy.InfrastructureLayer", "..\DigiBugzy.Services\DigiBugzy.InfrastructureLayer.csproj", "{77DC027E-1876-48CA-8320-A850C58F4231}"
EndProject
Project("{9A19103F-16F7-4668-BE54-9A1E7A4F7556}") = "DigiBugzy.Domain", "..\DigiBugzy.Domain\DigiBugzy.Domain.csproj", "{00B44970-1E43-41FB-9DCE-2C4F309E2963}"
EndProject
Project("{2150E333-8FDC-42A3-9474-1A3956D46DE8}") = "Outer", "Outer", "{A112E94E-01CB-4E47-98C8-C1F095B1B279}"
EndProject
Project("{2150E333-8FDC-42A3-9474-1A3956D46DE8}") = "Inner", "Inner", "{43B9932A-5FF0-4BB1-8495-E03F308D2D0F}"
EndProject
Project("{2150E333-8FDC-42A3-9474-1A3956D46DE8}") = "Middle", "Middle", "{3871E77C-8BB7-41EE-94D0-A48486EFC34D}"
EndProject
Project("{FAE04EC0-301F-11D3-BF4B-00C04F79EFBC}") = "DigiBugzy.Presentation.Desktop", "..\..\Presentation\DigiBugzy.Presentation.Desktop\DigiBugzy.Presentation.Desktop.csproj", "{0D7B56FA-9FEF-447F-92D7-FA475B0F1489}"
EndProject
Global
	GlobalSection(SolutionConfigurationPlatforms) = preSolution
		Debug|Any CPU = Debug|Any CPU
		Release|Any CPU = Release|Any CPU
	EndGlobalSection
	GlobalSection(ProjectConfigurationPlatforms) = postSolution
		{76E1C52A-8B95-4F90-B89F-2D4675250A31}.Debug|Any CPU.ActiveCfg = Debug|Any CPU
		{76E1C52A-8B95-4F90-B89F-2D4675250A31}.Debug|Any CPU.Build.0 = Debug|Any CPU
		{76E1C52A-8B95-4F90-B89F-2D4675250A31}.Release|Any CPU.ActiveCfg = Release|Any CPU
		{76E1C52A-8B95-4F90-B89F-2D4675250A31}.Release|Any CPU.Build.0 = Release|Any CPU
		{E78A93EF-5A9F-4AE7-B91E-3D105DDB04D7}.Debug|Any CPU.ActiveCfg = Debug|Any CPU
		{E78A93EF-5A9F-4AE7-B91E-3D105DDB04D7}.Debug|Any CPU.Build.0 = Debug|Any CPU
		{E78A93EF-5A9F-4AE7-B91E-3D105DDB04D7}.Release|Any CPU.ActiveCfg = Release|Any CPU
		{E78A93EF-5A9F-4AE7-B91E-3D105DDB04D7}.Release|Any CPU.Build.0 = Release|Any CPU
		{77DC027E-1876-48CA-8320-A850C58F4231}.Debug|Any CPU.ActiveCfg = Debug|Any CPU
		{77DC027E-1876-48CA-8320-A850C58F4231}.Debug|Any CPU.Build.0 = Debug|Any CPU
		{77DC027E-1876-48CA-8320-A850C58F4231}.Release|Any CPU.ActiveCfg = Release|Any CPU
		{77DC027E-1876-48CA-8320-A850C58F4231}.Release|Any CPU.Build.0 = Release|Any CPU
		{00B44970-1E43-41FB-9DCE-2C4F309E2963}.Debug|Any CPU.ActiveCfg = Debug|Any CPU
		{00B44970-1E43-41FB-9DCE-2C4F309E2963}.Debug|Any CPU.Build.0 = Debug|Any CPU
		{00B44970-1E43-41FB-9DCE-2C4F309E2963}.Release|Any CPU.ActiveCfg = Release|Any CPU
		{00B44970-1E43-41FB-9DCE-2C4F309E2963}.Release|Any CPU.Build.0 = Release|Any CPU
		{0D7B56FA-9FEF-447F-92D7-FA475B0F1489}.Debug|Any CPU.ActiveCfg = Debug|Any CPU
		{0D7B56FA-9FEF-447F-92D7-FA475B0F1489}.Debug|Any CPU.Build.0 = Debug|Any CPU
		{0D7B56FA-9FEF-447F-92D7-FA475B0F1489}.Release|Any CPU.ActiveCfg = Release|Any CPU
		{0D7B56FA-9FEF-447F-92D7-FA475B0F1489}.Release|Any CPU.Build.0 = Release|Any CPU
	EndGlobalSection
	GlobalSection(SolutionProperties) = preSolution
		HideSolutionNode = FALSE
	EndGlobalSection
	GlobalSection(NestedProjects) = preSolution
		{76E1C52A-8B95-4F90-B89F-2D4675250A31} = {3871E77C-8BB7-41EE-94D0-A48486EFC34D}
		{E78A93EF-5A9F-4AE7-B91E-3D105DDB04D7} = {A112E94E-01CB-4E47-98C8-C1F095B1B279}
		{77DC027E-1876-48CA-8320-A850C58F4231} = {A112E94E-01CB-4E47-98C8-C1F095B1B279}
		{00B44970-1E43-41FB-9DCE-2C4F309E2963} = {43B9932A-5FF0-4BB1-8495-E03F308D2D0F}
		{0D7B56FA-9FEF-447F-92D7-FA475B0F1489} = {A112E94E-01CB-4E47-98C8-C1F095B1B279}
	EndGlobalSection
	GlobalSection(ExtensibilityGlobals) = postSolution
		SolutionGuid = {CE5B25E8-0C10-411A-80E6-5201A8CD2AE0}
	EndGlobalSection
EndGlobal
